
Microsoft Visual Studio Solution File, Format Version 12.00
# Visual Studio Version 17
VisualStudioVersion = 17.9.34728.123
MinimumVisualStudioVersion = 10.0.40219.1
Project("{FAE04EC0-301F-11D3-BF4B-00C04F79EFBC}") = "Trab_FilaFibonacci", "Trab_FilaFibonacci\Trab_FilaFibonacci.csproj", "{6BA8B83B-3A01-4A5E-A2C1-C9877F65E1F0}"
EndProject
Global
	GlobalSection(SolutionConfigurationPlatforms) = preSolution
		Debug|Any CPU = Debug|Any CPU
		Release|Any CPU = Release|Any CPU
	EndGlobalSection
	GlobalSection(ProjectConfigurationPlatforms) = postSolution
		{6BA8B83B-3A01-4A5E-A2C1-C9877F65E1F0}.Debug|Any CPU.ActiveCfg = Debug|Any CPU
		{6BA8B83B-3A01-4A5E-A2C1-C9877F65E1F0}.Debug|Any CPU.Build.0 = Debug|Any CPU
		{6BA8B83B-3A01-4A5E-A2C1-C9877F65E1F0}.Release|Any CPU.ActiveCfg = Release|Any CPU
		{6BA8B83B-3A01-4A5E-A2C1-C9877F65E1F0}.Release|Any CPU.Build.0 = Release|Any CPU
	EndGlobalSection
	GlobalSection(SolutionProperties) = preSolution
		HideSolutionNode = FALSE
	EndGlobalSection
	GlobalSection(ExtensibilityGlobals) = postSolution
		SolutionGuid = {8107DE55-D68D-490A-BCDE-FF3470157E9B}
	EndGlobalSection
EndGlobal
